
Microsoft Visual Studio Solution File, Format Version 12.00
# Visual Studio Version 16
VisualStudioVersion = 16.0.29418.71
MinimumVisualStudioVersion = 10.0.40219.1
Project("{8BC9CEB8-8B4A-11D0-8D11-00A0C91BC942}") = "OpenGL_Experiments", "OpenGL_Experiments\OpenGL_Experiments.vcxproj", "{65DD12BF-3B95-4230-8FC0-8FA53119A0FB}"
EndProject
Project("{888888A0-9F3D-457C-B088-3A5042F75D52}") = "PythonWrapper", "PythonWrapper\PythonWrapper.pyproj", "{25375C11-4F51-4D79-BADD-348E3EA113C8}"
EndProject
Global
	GlobalSection(SolutionConfigurationPlatforms) = preSolution
		Debug|Any CPU = Debug|Any CPU
		Debug|x64 = Debug|x64
		Debug|x86 = Debug|x86
		Release|Any CPU = Release|Any CPU
		Release|x64 = Release|x64
		Release|x86 = Release|x86
	EndGlobalSection
	GlobalSection(ProjectConfigurationPlatforms) = postSolution
		{65DD12BF-3B95-4230-8FC0-8FA53119A0FB}.Debug|Any CPU.ActiveCfg = Debug|Win32
		{65DD12BF-3B95-4230-8FC0-8FA53119A0FB}.Debug|x64.ActiveCfg = Debug|x64
		{65DD12BF-3B95-4230-8FC0-8FA53119A0FB}.Debug|x64.Build.0 = Debug|x64
		{65DD12BF-3B95-4230-8FC0-8FA53119A0FB}.Debug|x86.ActiveCfg = Debug|Win32
		{65DD12BF-3B95-4230-8FC0-8FA53119A0FB}.Debug|x86.Build.0 = Debug|Win32
		{65DD12BF-3B95-4230-8FC0-8FA53119A0FB}.Release|Any CPU.ActiveCfg = Release|Win32
		{65DD12BF-3B95-4230-8FC0-8FA53119A0FB}.Release|x64.ActiveCfg = Release|x64
		{65DD12BF-3B95-4230-8FC0-8FA53119A0FB}.Release|x64.Build.0 = Release|x64
		{65DD12BF-3B95-4230-8FC0-8FA53119A0FB}.Release|x86.ActiveCfg = Release|Win32
		{65DD12BF-3B95-4230-8FC0-8FA53119A0FB}.Release|x86.Build.0 = Release|Win32
		{25375C11-4F51-4D79-BADD-348E3EA113C8}.Debug|Any CPU.ActiveCfg = Debug|Any CPU
		{25375C11-4F51-4D79-BADD-348E3EA113C8}.Debug|x64.ActiveCfg = Debug|Any CPU
		{25375C11-4F51-4D79-BADD-348E3EA113C8}.Debug|x86.ActiveCfg = Debug|Any CPU
		{25375C11-4F51-4D79-BADD-348E3EA113C8}.Release|Any CPU.ActiveCfg = Release|Any CPU
		{25375C11-4F51-4D79-BADD-348E3EA113C8}.Release|x64.ActiveCfg = Release|Any CPU
		{25375C11-4F51-4D79-BADD-348E3EA113C8}.Release|x86.ActiveCfg = Release|Any CPU
	EndGlobalSection
	GlobalSection(SolutionProperties) = preSolution
		HideSolutionNode = FALSE
	EndGlobalSection
	GlobalSection(ExtensibilityGlobals) = postSolution
		SolutionGuid = {9677D66B-8E96-4811-BDF9-B918A1699849}
	EndGlobalSection
EndGlobal
